
Microsoft Visual Studio Solution File, Format Version 12.00
# Visual Studio Version 17
VisualStudioVersion = 17.5.33530.505
MinimumVisualStudioVersion = 10.0.40219.1
Project("{FAE04EC0-301F-11D3-BF4B-00C04F79EFBC}") = "CalculatorApp", "CalculatorApp\CalculatorApp.csproj", "{EA4EFC2F-77C5-4902-B316-CFFDD5E7BEC4}"
EndProject
Global
	GlobalSection(SolutionConfigurationPlatforms) = preSolution
		Debug|Any CPU = Debug|Any CPU
		Release|Any CPU = Release|Any CPU
	EndGlobalSection
	GlobalSection(ProjectConfigurationPlatforms) = postSolution
		{EA4EFC2F-77C5-4902-B316-CFFDD5E7BEC4}.Debug|Any CPU.ActiveCfg = Debug|Any CPU
		{EA4EFC2F-77C5-4902-B316-CFFDD5E7BEC4}.Debug|Any CPU.Build.0 = Debug|Any CPU
		{EA4EFC2F-77C5-4902-B316-CFFDD5E7BEC4}.Release|Any CPU.ActiveCfg = Release|Any CPU
		{EA4EFC2F-77C5-4902-B316-CFFDD5E7BEC4}.Release|Any CPU.Build.0 = Release|Any CPU
	EndGlobalSection
	GlobalSection(SolutionProperties) = preSolution
		HideSolutionNode = FALSE
	EndGlobalSection
	GlobalSection(ExtensibilityGlobals) = postSolution
		SolutionGuid = {65EEE0E6-02F1-492B-A1FC-59C14916B69B}
	EndGlobalSection
EndGlobal
